// !$*UTF8*$!
{
	archiveVersion = 1;
	classes = {
	};
	objectVersion = 46;
	objects = {

/* Begin PBXBuildFile section */
		EE847B311ADE2BB400F5DF7C /* AppDelegate.swift in Sources */ = {isa = PBXBuildFile; fileRef = EE847B301ADE2BB400F5DF7C /* AppDelegate.swift */; };
		EE847B331ADE2BB400F5DF7C /* ViewController.swift in Sources */ = {isa = PBXBuildFile; fileRef = EE847B321ADE2BB400F5DF7C /* ViewController.swift */; };
		EE847B361ADE2BB400F5DF7C /* Main.storyboard in Resources */ = {isa = PBXBuildFile; fileRef = EE847B341ADE2BB400F5DF7C /* Main.storyboard */; };
		EE847B381ADE2BB400F5DF7C /* Images.xcassets in Resources */ = {isa = PBXBuildFile; fileRef = EE847B371ADE2BB400F5DF7C /* Images.xcassets */; };
		EE847B3B1ADE2BB400F5DF7C /* LaunchScreen.xib in Resources */ = {isa = PBXBuildFile; fileRef = EE847B391ADE2BB400F5DF7C /* LaunchScreen.xib */; };
		EE847B471ADE2BB400F5DF7C /* _9RedBalloonsTests.swift in Sources */ = {isa = PBXBuildFile; fileRef = EE847B461ADE2BB400F5DF7C /* _9RedBalloonsTests.swift */; };
		EE847B511ADE2DD400F5DF7C /* Balloon.swift in Sources */ = {isa = PBXBuildFile; fileRef = EE847B501ADE2DD400F5DF7C /* Balloon.swift */; };
		EE847B571ADE2F3800F5DF7C /* BerlinTVTower.jpg in Resources */ = {isa = PBXBuildFile; fileRef = EE847B521ADE2F3800F5DF7C /* BerlinTVTower.jpg */; };
		EE847B581ADE2F3800F5DF7C /* RedBalloon1.jpg in Resources */ = {isa = PBXBuildFile; fileRef = EE847B531ADE2F3800F5DF7C /* RedBalloon1.jpg */; };
		EE847B591ADE2F3800F5DF7C /* RedBalloon2.jpg in Resources */ = {isa = PBXBuildFile; fileRef = EE847B541ADE2F3800F5DF7C /* RedBalloon2.jpg */; };
		EE847B5A1ADE2F3800F5DF7C /* RedBalloon3.jpg in Resources */ = {isa = PBXBuildFile; fileRef = EE847B551ADE2F3800F5DF7C /* RedBalloon3.jpg */; };
		EE847B5B1ADE2F3800F5DF7C /* RedBalloon4.jpg in Resources */ = {isa = PBXBuildFile; fileRef = EE847B561ADE2F3800F5DF7C /* RedBalloon4.jpg */; };
/* End PBXBuildFile section */

/* Begin PBXContainerItemProxy section */
		EE847B411ADE2BB400F5DF7C /* PBXContainerItemProxy */ = {
			isa = PBXContainerItemProxy;
			containerPortal = EE847B231ADE2BB400F5DF7C /* Project object */;
			proxyType = 1;
			remoteGlobalIDString = EE847B2A1ADE2BB400F5DF7C;
			remoteInfo = 99RedBalloons;
		};
/* End PBXContainerItemProxy section */

/* Begin PBXFileReference section */
		EE847B2B1ADE2BB400F5DF7C /* 99RedBalloons.app */ = {isa = PBXFileReference; explicitFileType = wrapper.application; includeInIndex = 0; path = 99RedBalloons.app; sourceTree = BUILT_PRODUCTS_DIR; };
		EE847B2F1ADE2BB400F5DF7C /* Info.plist */ = {isa = PBXFileReference; lastKnownFileType = text.plist.xml; path = Info.plist; sourceTree = "<group>"; };
		EE847B301ADE2BB400F5DF7C /* AppDelegate.swift */ = {isa = PBXFileReference; lastKnownFileType = sourcecode.swift; path = AppDelegate.swift; sourceTree = "<group>"; };
		EE847B321ADE2BB400F5DF7C /* ViewController.swift */ = {isa = PBXFileReference; lastKnownFileType = sourcecode.swift; path = ViewController.swift; sourceTree = "<group>"; };
		EE847B351ADE2BB400F5DF7C /* Base */ = {isa = PBXFileReference; lastKnownFileType = file.storyboard; name = Base; path = Base.lproj/Main.storyboard; sourceTree = "<group>"; };
		EE847B371ADE2BB400F5DF7C /* Images.xcassets */ = {isa = PBXFileReference; lastKnownFileType = folder.assetcatalog; path = Images.xcassets; sourceTree = "<group>"; };
		EE847B3A1ADE2BB400F5DF7C /* Base */ = {isa = PBXFileReference; lastKnownFileType = file.xib; name = Base; path = Base.lproj/LaunchScreen.xib; sourceTree = "<group>"; };
		EE847B401ADE2BB400F5DF7C /* 99RedBalloonsTests.xctest */ = {isa = PBXFileReference; explicitFileType = wrapper.cfbundle; includeInIndex = 0; path = 99RedBalloonsTests.xctest; sourceTree = BUILT_PRODUCTS_DIR; };
		EE847B451ADE2BB400F5DF7C /* Info.plist */ = {isa = PBXFileReference; lastKnownFileType = text.plist.xml; path = Info.plist; sourceTree = "<group>"; };
		EE847B461ADE2BB400F5DF7C /* _9RedBalloonsTests.swift */ = {isa = PBXFileReference; lastKnownFileType = sourcecode.swift; path = _9RedBalloonsTests.swift; sourceTree = "<group>"; };
		EE847B501ADE2DD400F5DF7C /* Balloon.swift */ = {isa = PBXFileReference; fileEncoding = 4; lastKnownFileType = sourcecode.swift; path = Balloon.swift; sourceTree = "<group>"; };
		EE847B521ADE2F3800F5DF7C /* BerlinTVTower.jpg */ = {isa = PBXFileReference; lastKnownFileType = image.jpeg; path = BerlinTVTower.jpg; sourceTree = "<group>"; };
		EE847B531ADE2F3800F5DF7C /* RedBalloon1.jpg */ = {isa = PBXFileReference; lastKnownFileType = image.jpeg; path = RedBalloon1.jpg; sourceTree = "<group>"; };
		EE847B541ADE2F3800F5DF7C /* RedBalloon2.jpg */ = {isa = PBXFileReference; lastKnownFileType = image.jpeg; path = RedBalloon2.jpg; sourceTree = "<group>"; };
		EE847B551ADE2F3800F5DF7C /* RedBalloon3.jpg */ = {isa = PBXFileReference; lastKnownFileType = image.jpeg; path = RedBalloon3.jpg; sourceTree = "<group>"; };
		EE847B561ADE2F3800F5DF7C /* RedBalloon4.jpg */ = {isa = PBXFileReference; lastKnownFileType = image.jpeg; path = RedBalloon4.jpg; sourceTree = "<group>"; };
/* End PBXFileReference section */

/* Begin PBXFrameworksBuildPhase section */
		EE847B281ADE2BB400F5DF7C /* Frameworks */ = {
			isa = PBXFrameworksBuildPhase;
			buildActionMask = 2147483647;
			files = (
			);
			runOnlyForDeploymentPostprocessing = 0;
		};
		EE847B3D1ADE2BB400F5DF7C /* Frameworks */ = {
			isa = PBXFrameworksBuildPhase;
			buildActionMask = 2147483647;
			files = (
			);
			runOnlyForDeploymentPostprocessing = 0;
		};
/* End PBXFrameworksBuildPhase section */

/* Begin PBXGroup section */
		EE847B221ADE2BB400F5DF7C = {
			isa = PBXGroup;
			children = (
				EE847B2D1ADE2BB400F5DF7C /* 99RedBalloons */,
				EE847B431ADE2BB400F5DF7C /* 99RedBalloonsTests */,
				EE847B2C1ADE2BB400F5DF7C /* Products */,
			);
			sourceTree = "<group>";
		};
		EE847B2C1ADE2BB400F5DF7C /* Products */ = {
			isa = PBXGroup;
			children = (
				EE847B2B1ADE2BB400F5DF7C /* 99RedBalloons.app */,
				EE847B401ADE2BB400F5DF7C /* 99RedBalloonsTests.xctest */,
			);
			name = Products;
			sourceTree = "<group>";
		};
		EE847B2D1ADE2BB400F5DF7C /* 99RedBalloons */ = {
			isa = PBXGroup;
			children = (
				EE847B301ADE2BB400F5DF7C /* AppDelegate.swift */,
				EE847B321ADE2BB400F5DF7C /* ViewController.swift */,
				EE847B501ADE2DD400F5DF7C /* Balloon.swift */,
				EE847B341ADE2BB400F5DF7C /* Main.storyboard */,
				EE847B371ADE2BB400F5DF7C /* Images.xcassets */,
				EE847B391ADE2BB400F5DF7C /* LaunchScreen.xib */,
				EE847B2E1ADE2BB400F5DF7C /* Supporting Files */,
			);
			path = 99RedBalloons;
			sourceTree = "<group>";
		};
		EE847B2E1ADE2BB400F5DF7C /* Supporting Files */ = {
			isa = PBXGroup;
			children = (
				EE847B521ADE2F3800F5DF7C /* BerlinTVTower.jpg */,
				EE847B531ADE2F3800F5DF7C /* RedBalloon1.jpg */,
				EE847B541ADE2F3800F5DF7C /* RedBalloon2.jpg */,
				EE847B551ADE2F3800F5DF7C /* RedBalloon3.jpg */,
				EE847B561ADE2F3800F5DF7C /* RedBalloon4.jpg */,
				EE847B2F1ADE2BB400F5DF7C /* Info.plist */,
			);
			name = "Supporting Files";
			sourceTree = "<group>";
		};
		EE847B431ADE2BB400F5DF7C /* 99RedBalloonsTests */ = {
			isa = PBXGroup;
			children = (
				EE847B461ADE2BB400F5DF7C /* _9RedBalloonsTests.swift */,
				EE847B441ADE2BB400F5DF7C /* Supporting Files */,
			);
			path = 99RedBalloonsTests;
			sourceTree = "<group>";
		};
		EE847B441ADE2BB400F5DF7C /* Supporting Files */ = {
			isa = PBXGroup;
			children = (
				EE847B451ADE2BB400F5DF7C /* Info.plist */,
			);
			name = "Supporting Files";
			sourceTree = "<group>";
		};
/* End PBXGroup section */

/* Begin PBXNativeTarget section */
		EE847B2A1ADE2BB400F5DF7C /* 99RedBalloons */ = {
			isa = PBXNativeTarget;
			buildConfigurationList = EE847B4A1ADE2BB400F5DF7C /* Build configuration list for PBXNativeTarget "99RedBalloons" */;
			buildPhases = (
				EE847B271ADE2BB400F5DF7C /* Sources */,
				EE847B281ADE2BB400F5DF7C /* Frameworks */,
				EE847B291ADE2BB400F5DF7C /* Resources */,
			);
			buildRules = (
			);
			dependencies = (
			);
			name = 99RedBalloons;
			productName = 99RedBalloons;
			productReference = EE847B2B1ADE2BB400F5DF7C /* 99RedBalloons.app */;
			productType = "com.apple.product-type.application";
		};
		EE847B3F1ADE2BB400F5DF7C /* 99RedBalloonsTests */ = {
			isa = PBXNativeTarget;
			buildConfigurationList = EE847B4D1ADE2BB400F5DF7C /* Build configuration list for PBXNativeTarget "99RedBalloonsTests" */;
			buildPhases = (
				EE847B3C1ADE2BB400F5DF7C /* Sources */,
				EE847B3D1ADE2BB400F5DF7C /* Frameworks */,
				EE847B3E1ADE2BB400F5DF7C /* Resources */,
			);
			buildRules = (
			);
			dependencies = (
				EE847B421ADE2BB400F5DF7C /* PBXTargetDependency */,
			);
			name = 99RedBalloonsTests;
			productName = 99RedBalloonsTests;
			productReference = EE847B401ADE2BB400F5DF7C /* 99RedBalloonsTests.xctest */;
			productType = "com.apple.product-type.bundle.unit-test";
		};
/* End PBXNativeTarget section */

/* Begin PBXProject section */
		EE847B231ADE2BB400F5DF7C /* Project object */ = {
			isa = PBXProject;
			attributes = {
				LastUpgradeCheck = 0620;
				ORGANIZATIONNAME = "jonas-baer.com";
				TargetAttributes = {
					EE847B2A1ADE2BB400F5DF7C = {
						CreatedOnToolsVersion = 6.2;
					};
					EE847B3F1ADE2BB400F5DF7C = {
						CreatedOnToolsVersion = 6.2;
						TestTargetID = EE847B2A1ADE2BB400F5DF7C;
					};
				};
			};
			buildConfigurationList = EE847B261ADE2BB400F5DF7C /* Build configuration list for PBXProject "99RedBalloons" */;
			compatibilityVersion = "Xcode 3.2";
			developmentRegion = English;
			hasScannedForEncodings = 0;
			knownRegions = (
				en,
				Base,
			);
			mainGroup = EE847B221ADE2BB400F5DF7C;
			productRefGroup = EE847B2C1ADE2BB400F5DF7C /* Products */;
			projectDirPath = "";
			projectRoot = "";
			targets = (
				EE847B2A1ADE2BB400F5DF7C /* 99RedBalloons */,
				EE847B3F1ADE2BB400F5DF7C /* 99RedBalloonsTests */,
			);
		};
/* End PBXProject section */

/* Begin PBXResourcesBuildPhase section */
		EE847B291ADE2BB400F5DF7C /* Resources */ = {
			isa = PBXResourcesBuildPhase;
			buildActionMask = 2147483647;
			files = (
				EE847B591ADE2F3800F5DF7C /* RedBalloon2.jpg in Resources */,
				EE847B361ADE2BB400F5DF7C /* Main.storyboard in Resources */,
				EE847B5A1ADE2F3800F5DF7C /* RedBalloon3.jpg in Resources */,
				EE847B3B1ADE2BB400F5DF7C /* LaunchScreen.xib in Resources */,
				EE847B5B1ADE2F3800F5DF7C /* RedBalloon4.jpg in Resources */,
				EE847B381ADE2BB400F5DF7C /* Images.xcassets in Resources */,
				EE847B581ADE2F3800F5DF7C /* RedBalloon1.jpg in Resources */,
				EE847B571ADE2F3800F5DF7C /* BerlinTVTower.jpg in Resources */,
			);
			runOnlyForDeploymentPostprocessing = 0;
		};
		EE847B3E1ADE2BB400F5DF7C /* Resources */ = {
			isa = PBXResourcesBuildPhase;
			buildActionMask = 2147483647;
			files = (
			);
			runOnlyForDeploymentPostprocessing = 0;
		};
/* End PBXResourcesBuildPhase section */

/* Begin PBXSourcesBuildPhase section */
		EE847B271ADE2BB400F5DF7C /* Sources */ = {
			isa = PBXSourcesBuildPhase;
			buildActionMask = 2147483647;
			files = (
				EE847B331ADE2BB400F5DF7C /* ViewController.swift in Sources */,
				EE847B511ADE2DD400F5DF7C /* Balloon.swift in Sources */,
				EE847B311ADE2BB400F5DF7C /* AppDelegate.swift in Sources */,
			);
			runOnlyForDeploymentPostprocessing = 0;
		};
		EE847B3C1ADE2BB400F5DF7C /* Sources */ = {
			isa = PBXSourcesBuildPhase;
			buildActionMask = 2147483647;
			files = (
				EE847B471ADE2BB400F5DF7C /* _9RedBalloonsTests.swift in Sources */,
			);
			runOnlyForDeploymentPostprocessing = 0;
		};
/* End PBXSourcesBuildPhase section */

/* Begin PBXTargetDependency section */
		EE847B421ADE2BB400F5DF7C /* PBXTargetDependency */ = {
			isa = PBXTargetDependency;
			target = EE847B2A1ADE2BB400F5DF7C /* 99RedBalloons */;
			targetProxy = EE847B411ADE2BB400F5DF7C /* PBXContainerItemProxy */;
		};
/* End PBXTargetDependency section */

/* Begin PBXVariantGroup section */
		EE847B341ADE2BB400F5DF7C /* Main.storyboard */ = {
			isa = PBXVariantGroup;
			children = (
				EE847B351ADE2BB400F5DF7C /* Base */,
			);
			name = Main.storyboard;
			sourceTree = "<group>";
		};
		EE847B391ADE2BB400F5DF7C /* LaunchScreen.xib */ = {
			isa = PBXVariantGroup;
			children = (
				EE847B3A1ADE2BB400F5DF7C /* Base */,
			);
			name = LaunchScreen.xib;
			sourceTree = "<group>";
		};
/* End PBXVariantGroup section */

/* Begin XCBuildConfiguration section */
		EE847B481ADE2BB400F5DF7C /* Debug */ = {
			isa = XCBuildConfiguration;
			buildSettings = {
				ALWAYS_SEARCH_USER_PATHS = NO;
				CLANG_CXX_LANGUAGE_STANDARD = "gnu++0x";
				CLANG_CXX_LIBRARY = "libc++";
				CLANG_ENABLE_MODULES = YES;
				CLANG_ENABLE_OBJC_ARC = YES;
				CLANG_WARN_BOOL_CONVERSION = YES;
				CLANG_WARN_CONSTANT_CONVERSION = YES;
				CLANG_WARN_DIRECT_OBJC_ISA_USAGE = YES_ERROR;
				CLANG_WARN_EMPTY_BODY = YES;
				CLANG_WARN_ENUM_CONVERSION = YES;
				CLANG_WARN_INT_CONVERSION = YES;
				CLANG_WARN_OBJC_ROOT_CLASS = YES_ERROR;
				CLANG_WARN_UNREACHABLE_CODE = YES;
				CLANG_WARN__DUPLICATE_METHOD_MATCH = YES;
				"CODE_SIGN_IDENTITY[sdk=iphoneos*]" = "iPhone Developer";
				COPY_PHASE_STRIP = NO;
				ENABLE_STRICT_OBJC_MSGSEND = YES;
				GCC_C_LANGUAGE_STANDARD = gnu99;
				GCC_DYNAMIC_NO_PIC = NO;
				GCC_OPTIMIZATION_LEVEL = 0;
				GCC_PREPROCESSOR_DEFINITIONS = (
					"DEBUG=1",
					"$(inherited)",
				);
				GCC_SYMBOLS_PRIVATE_EXTERN = NO;
				GCC_WARN_64_TO_32_BIT_CONVERSION = YES;
				GCC_WARN_ABOUT_RETURN_TYPE = YES_ERROR;
				GCC_WARN_UNDECLARED_SELECTOR = YES;
				GCC_WARN_UNINITIALIZED_AUTOS = YES_AGGRESSIVE;
				GCC_WARN_UNUSED_FUNCTION = YES;
				GCC_WARN_UNUSED_VARIABLE = YES;
				IPHONEOS_DEPLOYMENT_TARGET = 8.2;
				MTL_ENABLE_DEBUG_INFO = YES;
				ONLY_ACTIVE_ARCH = YES;
				SDKROOT = iphoneos;
				SWIFT_OPTIMIZATION_LEVEL = "-Onone";
				TARGETED_DEVICE_FAMILY = "1,2";
			};
			name = Debug;
		};
		EE847B491ADE2BB400F5DF7C /* Release */ = {
			isa = XCBuildConfiguration;
			buildSettings = {
				ALWAYS_SEARCH_USER_PATHS = NO;
				CLANG_CXX_LANGUAGE_STANDARD = "gnu++0x";
				CLANG_CXX_LIBRARY = "libc++";
				CLANG_ENABLE_MODULES = YES;
				CLANG_ENABLE_OBJC_ARC = YES;
				CLANG_WARN_BOOL_CONVERSION = YES;
				CLANG_WARN_CONSTANT_CONVERSION = YES;
				CLANG_WARN_DIRECT_OBJC_ISA_USAGE = YES_ERROR;
				CLANG_WARN_EMPTY_BODY = YES;
				CLANG_WARN_ENUM_CONVERSION = YES;
				CLANG_WARN_INT_CONVERSION = YES;
				CLANG_WARN_OBJC_ROOT_CLASS = YES_ERROR;
				CLANG_WARN_UNREACHABLE_CODE = YES;
				CLANG_WARN__DUPLICATE_METHOD_MATCH = YES;
				"CODE_SIGN_IDENTITY[sdk=iphoneos*]" = "iPhone Developer";
				COPY_PHASE_STRIP = NO;
				ENABLE_NS_ASSERTIONS = NO;
				ENABLE_STRICT_OBJC_MSGSEND = YES;
				GCC_C_LANGUAGE_STANDARD = gnu99;
				GCC_WARN_64_TO_32_BIT_CONVERSION = YES;
				GCC_WARN_ABOUT_RETURN_TYPE = YES_ERROR;
				GCC_WARN_UNDECLARED_SELECTOR = YES;
				GCC_WARN_UNINITIALIZED_AUTOS = YES_AGGRESSIVE;
				GCC_WARN_UNUSED_FUNCTION = YES;
				GCC_WARN_UNUSED_VARIABLE = YES;
				IPHONEOS_DEPLOYMENT_TARGET = 8.2;
				MTL_ENABLE_DEBUG_INFO = NO;
				SDKROOT = iphoneos;
				TARGETED_DEVICE_FAMILY = "1,2";
				VALIDATE_PRODUCT = YES;
			};
			name = Release;
		};
		EE847B4B1ADE2BB400F5DF7C /* Debug */ = {
			isa = XCBuildConfiguration;
			buildSettings = {
				ASSETCATALOG_COMPILER_APPICON_NAME = AppIcon;
				INFOPLIST_FILE = 99RedBalloons/Info.plist;
				LD_RUNPATH_SEARCH_PATHS = "$(inherited) @executable_path/Frameworks";
				PRODUCT_NAME = "$(TARGET_NAME)";
			};
			name = Debug;
		};
		EE847B4C1ADE2BB400F5DF7C /* Release */ = {
			isa = XCBuildConfiguration;
			buildSettings = {
				ASSETCATALOG_COMPILER_APPICON_NAME = AppIcon;
				INFOPLIST_FILE = 99RedBalloons/Info.plist;
				LD_RUNPATH_SEARCH_PATHS = "$(inherited) @executable_path/Frameworks";
				PRODUCT_NAME = "$(TARGET_NAME)";
			};
			name = Release;
		};
		EE847B4E1ADE2BB400F5DF7C /* Debug */ = {
			isa = XCBuildConfiguration;
			buildSettings = {
				BUNDLE_LOADER = "$(TEST_HOST)";
				FRAMEWORK_SEARCH_PATHS = (
					"$(SDKROOT)/Developer/Library/Frameworks",
					"$(inherited)",
				);
				GCC_PREPROCESSOR_DEFINITIONS = (
					"DEBUG=1",
					"$(inherited)",
				);
				INFOPLIST_FILE = 99RedBalloonsTests/Info.plist;
				LD_RUNPATH_SEARCH_PATHS = "$(inherited) @executable_path/Frameworks @loader_path/Frameworks";
				PRODUCT_NAME = "$(TARGET_NAME)";
				TEST_HOST = "$(BUILT_PRODUCTS_DIR)/99RedBalloons.app/99RedBalloons";
			};
			name = Debug;
		};
		EE847B4F1ADE2BB400F5DF7C /* Release */ = {
			isa = XCBuildConfiguration;
			buildSettings = {
				BUNDLE_LOADER = "$(TEST_HOST)";
				FRAMEWORK_SEARCH_PATHS = (
					"$(SDKROOT)/Developer/Library/Frameworks",
					"$(inherited)",
				);
				INFOPLIST_FILE = 99RedBalloonsTests/Info.plist;
				LD_RUNPATH_SEARCH_PATHS = "$(inherited) @executable_path/Frameworks @loader_path/Frameworks";
				PRODUCT_NAME = "$(TARGET_NAME)";
				TEST_HOST = "$(BUILT_PRODUCTS_DIR)/99RedBalloons.app/99RedBalloons";
			};
			name = Release;
		};
/* End XCBuildConfiguration section */

/* Begin XCConfigurationList section */
		EE847B261ADE2BB400F5DF7C /* Build configuration list for PBXProject "99RedBalloons" */ = {
			isa = XCConfigurationList;
			buildConfigurations = (
				EE847B481ADE2BB400F5DF7C /* Debug */,
				EE847B491ADE2BB400F5DF7C /* Release */,
			);
			defaultConfigurationIsVisible = 0;
			defaultConfigurationName = Release;
		};
		EE847B4A1ADE2BB400F5DF7C /* Build configuration list for PBXNativeTarget "99RedBalloons" */ = {
			isa = XCConfigurationList;
			buildConfigurations = (
				EE847B4B1ADE2BB400F5DF7C /* Debug */,
				EE847B4C1ADE2BB400F5DF7C /* Release */,
			);
			defaultConfigurationIsVisible = 0;
		};
		EE847B4D1ADE2BB400F5DF7C /* Build configuration list for PBXNativeTarget "99RedBalloonsTests" */ = {
			isa = XCConfigurationList;
			buildConfigurations = (
				EE847B4E1ADE2BB400F5DF7C /* Debug */,
				EE847B4F1ADE2BB400F5DF7C /* Release */,
			);
			defaultConfigurationIsVisible = 0;
		};
/* End XCConfigurationList section */
	};
	rootObject = EE847B231ADE2BB400F5DF7C /* Project object */;
}
